// !$*UTF8*$!
{
	archiveVersion = 1;
	classes = {
	};
	objectVersion = 46;
	objects = {

/* Begin PBXBuildFile section */
		1852358219BA3B33003675D9 /* libportaudio.dylib in Frameworks */ = {isa = PBXBuildFile; fileRef = 1852358119BA3B33003675D9 /* libportaudio.dylib */; };
		1852358419BA3B47003675D9 /* CoreAudio.framework in Frameworks */ = {isa = PBXBuildFile; fileRef = 1852358319BA3B47003675D9 /* CoreAudio.framework */; };
		1852358619BA3B54003675D9 /* AudioToolbox.framework in Frameworks */ = {isa = PBXBuildFile; fileRef = 1852358519BA3B54003675D9 /* AudioToolbox.framework */; };
		1852358819BA3B66003675D9 /* AudioUnit.framework in Frameworks */ = {isa = PBXBuildFile; fileRef = 1852358719BA3B66003675D9 /* AudioUnit.framework */; };
		1852358A19BA3B79003675D9 /* Carbon.framework in Frameworks */ = {isa = PBXBuildFile; fileRef = 1852358919BA3B79003675D9 /* Carbon.framework */; };
		1852358C19BA3B83003675D9 /* CoreServices.framework in Frameworks */ = {isa = PBXBuildFile; fileRef = 1852358B19BA3B83003675D9 /* CoreServices.framework */; };
		1852358F19BA45D5003675D9 /* paex_read_write_wire.c in Sources */ = {isa = PBXBuildFile; fileRef = 1852358E19BA45D5003675D9 /* paex_read_write_wire.c */; };
		1852359219BA4A6B003675D9 /* process_data.c in Sources */ = {isa = PBXBuildFile; fileRef = 1852359119BA4A6B003675D9 /* process_data.c */; };
		1852359419BB3481003675D9 /* pa_devs.c in Sources */ = {isa = PBXBuildFile; fileRef = 1852359319BB3481003675D9 /* pa_devs.c */; };
		1852359619BB7725003675D9 /* chebyshev_10KHz.c in Sources */ = {isa = PBXBuildFile; fileRef = 1852359519BB7725003675D9 /* chebyshev_10KHz.c */; };
/* End PBXBuildFile section */

/* Begin PBXCopyFilesBuildPhase section */
		1852357119BA39D0003675D9 /* CopyFiles */ = {
			isa = PBXCopyFilesBuildPhase;
			buildActionMask = 2147483647;
			dstPath = /usr/share/man/man1/;
			dstSubfolderSpec = 0;
			files = (
			);
			runOnlyForDeploymentPostprocessing = 1;
		};
/* End PBXCopyFilesBuildPhase section */

/* Begin PBXFileReference section */
		1852357319BA39D0003675D9 /* sdr_audio */ = {isa = PBXFileReference; explicitFileType = "compiled.mach-o.executable"; includeInIndex = 0; path = sdr_audio; sourceTree = BUILT_PRODUCTS_DIR; };
		1852358119BA3B33003675D9 /* libportaudio.dylib */ = {isa = PBXFileReference; lastKnownFileType = "compiled.mach-o.dylib"; name = libportaudio.dylib; path = /usr/local/lib/libportaudio.dylib; sourceTree = "<absolute>"; };
		1852358319BA3B47003675D9 /* CoreAudio.framework */ = {isa = PBXFileReference; lastKnownFileType = wrapper.framework; name = CoreAudio.framework; path = System/Library/Frameworks/CoreAudio.framework; sourceTree = SDKROOT; };
		1852358519BA3B54003675D9 /* AudioToolbox.framework */ = {isa = PBXFileReference; lastKnownFileType = wrapper.framework; name = AudioToolbox.framework; path = System/Library/Frameworks/AudioToolbox.framework; sourceTree = SDKROOT; };
		1852358719BA3B66003675D9 /* AudioUnit.framework */ = {isa = PBXFileReference; lastKnownFileType = wrapper.framework; name = AudioUnit.framework; path = System/Library/Frameworks/AudioUnit.framework; sourceTree = SDKROOT; };
		1852358919BA3B79003675D9 /* Carbon.framework */ = {isa = PBXFileReference; lastKnownFileType = wrapper.framework; name = Carbon.framework; path = System/Library/Frameworks/Carbon.framework; sourceTree = SDKROOT; };
		1852358B19BA3B83003675D9 /* CoreServices.framework */ = {isa = PBXFileReference; lastKnownFileType = wrapper.framework; name = CoreServices.framework; path = System/Library/Frameworks/CoreServices.framework; sourceTree = SDKROOT; };
		1852358E19BA45D5003675D9 /* paex_read_write_wire.c */ = {isa = PBXFileReference; fileEncoding = 4; lastKnownFileType = sourcecode.c.c; path = paex_read_write_wire.c; sourceTree = "<group>"; };
		1852359019BA4A3C003675D9 /* process_data.h */ = {isa = PBXFileReference; lastKnownFileType = sourcecode.c.h; path = process_data.h; sourceTree = "<group>"; };
		1852359119BA4A6B003675D9 /* process_data.c */ = {isa = PBXFileReference; fileEncoding = 4; lastKnownFileType = sourcecode.c.c; path = process_data.c; sourceTree = "<group>"; };
		1852359319BB3481003675D9 /* pa_devs.c */ = {isa = PBXFileReference; fileEncoding = 4; lastKnownFileType = sourcecode.c.c; path = pa_devs.c; sourceTree = "<group>"; };
		1852359519BB7725003675D9 /* chebyshev_10KHz.c */ = {isa = PBXFileReference; fileEncoding = 4; lastKnownFileType = sourcecode.c.c; path = chebyshev_10KHz.c; sourceTree = "<group>"; };
		1852359719BB8233003675D9 /* chebyshev_10KHz.h */ = {isa = PBXFileReference; lastKnownFileType = sourcecode.c.h; path = chebyshev_10KHz.h; sourceTree = "<group>"; };
/* End PBXFileReference section */

/* Begin PBXFrameworksBuildPhase section */
		1852357019BA39D0003675D9 /* Frameworks */ = {
			isa = PBXFrameworksBuildPhase;
			buildActionMask = 2147483647;
			files = (
				1852358C19BA3B83003675D9 /* CoreServices.framework in Frameworks */,
				1852358A19BA3B79003675D9 /* Carbon.framework in Frameworks */,
				1852358819BA3B66003675D9 /* AudioUnit.framework in Frameworks */,
				1852358619BA3B54003675D9 /* AudioToolbox.framework in Frameworks */,
				1852358419BA3B47003675D9 /* CoreAudio.framework in Frameworks */,
				1852358219BA3B33003675D9 /* libportaudio.dylib in Frameworks */,
			);
			runOnlyForDeploymentPostprocessing = 0;
		};
/* End PBXFrameworksBuildPhase section */

/* Begin PBXGroup section */
		1852356A19BA39D0003675D9 = {
			isa = PBXGroup;
			children = (
				1852358D19BA3FA9003675D9 /* libs */,
				1852357519BA39D0003675D9 /* sdr_audio */,
				1852357419BA39D0003675D9 /* Products */,
			);
			sourceTree = "<group>";
		};
		1852357419BA39D0003675D9 /* Products */ = {
			isa = PBXGroup;
			children = (
				1852357319BA39D0003675D9 /* sdr_audio */,
			);
			name = Products;
			sourceTree = "<group>";
		};
		1852357519BA39D0003675D9 /* sdr_audio */ = {
			isa = PBXGroup;
			children = (
				1852359519BB7725003675D9 /* chebyshev_10KHz.c */,
				1852359719BB8233003675D9 /* chebyshev_10KHz.h */,
				1852359319BB3481003675D9 /* pa_devs.c */,
				1852358E19BA45D5003675D9 /* paex_read_write_wire.c */,
				1852359019BA4A3C003675D9 /* process_data.h */,
				1852359119BA4A6B003675D9 /* process_data.c */,
			);
			path = sdr_audio;
			sourceTree = "<group>";
		};
		1852358D19BA3FA9003675D9 /* libs */ = {
			isa = PBXGroup;
			children = (
				1852358B19BA3B83003675D9 /* CoreServices.framework */,
				1852358919BA3B79003675D9 /* Carbon.framework */,
				1852358719BA3B66003675D9 /* AudioUnit.framework */,
				1852358519BA3B54003675D9 /* AudioToolbox.framework */,
				1852358319BA3B47003675D9 /* CoreAudio.framework */,
				1852358119BA3B33003675D9 /* libportaudio.dylib */,
			);
			name = libs;
			sourceTree = "<group>";
		};
/* End PBXGroup section */

/* Begin PBXNativeTarget section */
		1852357219BA39D0003675D9 /* sdr_audio */ = {
			isa = PBXNativeTarget;
			buildConfigurationList = 1852357C19BA39D0003675D9 /* Build configuration list for PBXNativeTarget "sdr_audio" */;
			buildPhases = (
				1852356F19BA39D0003675D9 /* Sources */,
				1852357019BA39D0003675D9 /* Frameworks */,
				1852357119BA39D0003675D9 /* CopyFiles */,
			);
			buildRules = (
			);
			dependencies = (
			);
			name = sdr_audio;
			productName = sdr_audio;
			productReference = 1852357319BA39D0003675D9 /* sdr_audio */;
			productType = "com.apple.product-type.tool";
		};
/* End PBXNativeTarget section */

/* Begin PBXProject section */
		1852356B19BA39D0003675D9 /* Project object */ = {
			isa = PBXProject;
			attributes = {
				LastUpgradeCheck = 0510;
				ORGANIZATIONNAME = "___FULLUSERNAME___";
			};
			buildConfigurationList = 1852356E19BA39D0003675D9 /* Build configuration list for PBXProject "sdr_audio" */;
			compatibilityVersion = "Xcode 3.2";
			developmentRegion = English;
			hasScannedForEncodings = 0;
			knownRegions = (
				en,
			);
			mainGroup = 1852356A19BA39D0003675D9;
			productRefGroup = 1852357419BA39D0003675D9 /* Products */;
			projectDirPath = "";
			projectRoot = "";
			targets = (
				1852357219BA39D0003675D9 /* sdr_audio */,
			);
		};
/* End PBXProject section */

/* Begin PBXSourcesBuildPhase section */
		1852356F19BA39D0003675D9 /* Sources */ = {
			isa = PBXSourcesBuildPhase;
			buildActionMask = 2147483647;
			files = (
				1852359619BB7725003675D9 /* chebyshev_10KHz.c in Sources */,
				1852358F19BA45D5003675D9 /* paex_read_write_wire.c in Sources */,
				1852359219BA4A6B003675D9 /* process_data.c in Sources */,
				1852359419BB3481003675D9 /* pa_devs.c in Sources */,
			);
			runOnlyForDeploymentPostprocessing = 0;
		};
/* End PBXSourcesBuildPhase section */

/* Begin XCBuildConfiguration section */
		1852357A19BA39D0003675D9 /* Debug */ = {
			isa = XCBuildConfiguration;
			buildSettings = {
				ALWAYS_SEARCH_USER_PATHS = NO;
				CLANG_CXX_LANGUAGE_STANDARD = "gnu++0x";
				CLANG_CXX_LIBRARY = "libc++";
				CLANG_ENABLE_MODULES = YES;
				CLANG_ENABLE_OBJC_ARC = YES;
				CLANG_WARN_BOOL_CONVERSION = YES;
				CLANG_WARN_CONSTANT_CONVERSION = YES;
				CLANG_WARN_DIRECT_OBJC_ISA_USAGE = YES_ERROR;
				CLANG_WARN_EMPTY_BODY = YES;
				CLANG_WARN_ENUM_CONVERSION = YES;
				CLANG_WARN_INT_CONVERSION = YES;
				CLANG_WARN_OBJC_ROOT_CLASS = YES_ERROR;
				CLANG_WARN__DUPLICATE_METHOD_MATCH = YES;
				COPY_PHASE_STRIP = NO;
				GCC_C_LANGUAGE_STANDARD = gnu99;
				GCC_DYNAMIC_NO_PIC = NO;
				GCC_ENABLE_OBJC_EXCEPTIONS = YES;
				GCC_OPTIMIZATION_LEVEL = 0;
				GCC_PREPROCESSOR_DEFINITIONS = (
					"DEBUG=1",
					"$(inherited)",
				);
				GCC_SYMBOLS_PRIVATE_EXTERN = NO;
				GCC_WARN_64_TO_32_BIT_CONVERSION = YES;
				GCC_WARN_ABOUT_RETURN_TYPE = YES_ERROR;
				GCC_WARN_UNDECLARED_SELECTOR = YES;
				GCC_WARN_UNINITIALIZED_AUTOS = YES_AGGRESSIVE;
				GCC_WARN_UNUSED_FUNCTION = YES;
				GCC_WARN_UNUSED_VARIABLE = YES;
				MACOSX_DEPLOYMENT_TARGET = 10.9;
				ONLY_ACTIVE_ARCH = YES;
				SDKROOT = macosx;
			};
			name = Debug;
		};
		1852357B19BA39D0003675D9 /* Release */ = {
			isa = XCBuildConfiguration;
			buildSettings = {
				ALWAYS_SEARCH_USER_PATHS = NO;
				CLANG_CXX_LANGUAGE_STANDARD = "gnu++0x";
				CLANG_CXX_LIBRARY = "libc++";
				CLANG_ENABLE_MODULES = YES;
				CLANG_ENABLE_OBJC_ARC = YES;
				CLANG_WARN_BOOL_CONVERSION = YES;
				CLANG_WARN_CONSTANT_CONVERSION = YES;
				CLANG_WARN_DIRECT_OBJC_ISA_USAGE = YES_ERROR;
				CLANG_WARN_EMPTY_BODY = YES;
				CLANG_WARN_ENUM_CONVERSION = YES;
				CLANG_WARN_INT_CONVERSION = YES;
				CLANG_WARN_OBJC_ROOT_CLASS = YES_ERROR;
				CLANG_WARN__DUPLICATE_METHOD_MATCH = YES;
				COPY_PHASE_STRIP = YES;
				DEBUG_INFORMATION_FORMAT = "dwarf-with-dsym";
				ENABLE_NS_ASSERTIONS = NO;
				GCC_C_LANGUAGE_STANDARD = gnu99;
				GCC_ENABLE_OBJC_EXCEPTIONS = YES;
				GCC_WARN_64_TO_32_BIT_CONVERSION = YES;
				GCC_WARN_ABOUT_RETURN_TYPE = YES_ERROR;
				GCC_WARN_UNDECLARED_SELECTOR = YES;
				GCC_WARN_UNINITIALIZED_AUTOS = YES_AGGRESSIVE;
				GCC_WARN_UNUSED_FUNCTION = YES;
				GCC_WARN_UNUSED_VARIABLE = YES;
				MACOSX_DEPLOYMENT_TARGET = 10.9;
				SDKROOT = macosx;
			};
			name = Release;
		};
		1852357D19BA39D0003675D9 /* Debug */ = {
			isa = XCBuildConfiguration;
			buildSettings = {
				LIBRARY_SEARCH_PATHS = /usr/local/lib;
				PRODUCT_NAME = "$(TARGET_NAME)";
				USER_HEADER_SEARCH_PATHS = /balmer/radio/soft/portaudio/include;
			};
			name = Debug;
		};
		1852357E19BA39D0003675D9 /* Release */ = {
			isa = XCBuildConfiguration;
			buildSettings = {
				LIBRARY_SEARCH_PATHS = /usr/local/lib;
				PRODUCT_NAME = "$(TARGET_NAME)";
				USER_HEADER_SEARCH_PATHS = /balmer/radio/soft/portaudio/include;
			};
			name = Release;
		};
/* End XCBuildConfiguration section */

/* Begin XCConfigurationList section */
		1852356E19BA39D0003675D9 /* Build configuration list for PBXProject "sdr_audio" */ = {
			isa = XCConfigurationList;
			buildConfigurations = (
				1852357A19BA39D0003675D9 /* Debug */,
				1852357B19BA39D0003675D9 /* Release */,
			);
			defaultConfigurationIsVisible = 0;
			defaultConfigurationName = Release;
		};
		1852357C19BA39D0003675D9 /* Build configuration list for PBXNativeTarget "sdr_audio" */ = {
			isa = XCConfigurationList;
			buildConfigurations = (
				1852357D19BA39D0003675D9 /* Debug */,
				1852357E19BA39D0003675D9 /* Release */,
			);
			defaultConfigurationIsVisible = 0;
		};
/* End XCConfigurationList section */
	};
	rootObject = 1852356B19BA39D0003675D9 /* Project object */;
}
